
Microsoft Visual Studio Solution File, Format Version 11.00
# Visual Studio 2010
Project("{FAE04EC0-301F-11D3-BF4B-00C04F79EFBC}") = "SC2 External Maphack", "SC2 External Maphack_Source\SC2 External Maphack.csproj", "{7C2029FD-13F7-4B88-A551-AF66B1E32656}"
	ProjectSection(ProjectDependencies) = postProject
		{ACE1D62E-49D6-4ADA-B7F4-B866F8ED481D} = {ACE1D62E-49D6-4ADA-B7F4-B866F8ED481D}
		{2984904B-565E-45AE-B884-EF94A8B78A04} = {2984904B-565E-45AE-B884-EF94A8B78A04}
		{11F17E75-F71B-43C3-AD32-7B3D0CA8289E} = {11F17E75-F71B-43C3-AD32-7B3D0CA8289E}
		{7050E797-F628-46DA-9A76-8511BAE4184E} = {7050E797-F628-46DA-9A76-8511BAE4184E}
	EndProjectSection
EndProject
Project("{FAE04EC0-301F-11D3-BF4B-00C04F79EFBC}") = "Utilities", "Utilities_Source\Utilities.csproj", "{2984904B-565E-45AE-B884-EF94A8B78A04}"
EndProject
Project("{FAE04EC0-301F-11D3-BF4B-00C04F79EFBC}") = "ScreenAPI", "ScreenAPI_Source\ScreenAPI.csproj", "{11F17E75-F71B-43C3-AD32-7B3D0CA8289E}"
	ProjectSection(ProjectDependencies) = postProject
		{2984904B-565E-45AE-B884-EF94A8B78A04} = {2984904B-565E-45AE-B884-EF94A8B78A04}
		{7050E797-F628-46DA-9A76-8511BAE4184E} = {7050E797-F628-46DA-9A76-8511BAE4184E}
	EndProjectSection
EndProject
Project("{FAE04EC0-301F-11D3-BF4B-00C04F79EFBC}") = "SC2RanksAPI", "SC2RanksAPI_Source\SC2RanksAPI.csproj", "{A5A877C6-3122-41A2-84E4-6F8D82929EBC}"
EndProject
Project("{FAE04EC0-301F-11D3-BF4B-00C04F79EFBC}") = "PatternScan", "PatternScan_Source\PatternScan.csproj", "{C485335C-69ED-4617-B687-65CB8B1F3E70}"
	ProjectSection(ProjectDependencies) = postProject
		{79FD54B0-DEAB-459F-83B9-F1CED68D288B} = {79FD54B0-DEAB-459F-83B9-F1CED68D288B}
	EndProjectSection
EndProject
Project("{FAE04EC0-301F-11D3-BF4B-00C04F79EFBC}") = "2cs-API", "2cs-API_Source\2cs-API.csproj", "{ACE1D62E-49D6-4ADA-B7F4-B866F8ED481D}"
	ProjectSection(ProjectDependencies) = postProject
		{2984904B-565E-45AE-B884-EF94A8B78A04} = {2984904B-565E-45AE-B884-EF94A8B78A04}
		{976BC863-F142-4851-B78F-C59912893EC7} = {976BC863-F142-4851-B78F-C59912893EC7}
		{11F17E75-F71B-43C3-AD32-7B3D0CA8289E} = {11F17E75-F71B-43C3-AD32-7B3D0CA8289E}
		{7050E797-F628-46DA-9A76-8511BAE4184E} = {7050E797-F628-46DA-9A76-8511BAE4184E}
	EndProjectSection
EndProject
Project("{FAE04EC0-301F-11D3-BF4B-00C04F79EFBC}") = "Data", "Data_Source\Data.csproj", "{7050E797-F628-46DA-9A76-8511BAE4184E}"
	ProjectSection(ProjectDependencies) = postProject
		{2984904B-565E-45AE-B884-EF94A8B78A04} = {2984904B-565E-45AE-B884-EF94A8B78A04}
		{C485335C-69ED-4617-B687-65CB8B1F3E70} = {C485335C-69ED-4617-B687-65CB8B1F3E70}
		{A5A877C6-3122-41A2-84E4-6F8D82929EBC} = {A5A877C6-3122-41A2-84E4-6F8D82929EBC}
	EndProjectSection
EndProject
Project("{FAE04EC0-301F-11D3-BF4B-00C04F79EFBC}") = "MpqTool", "MpqTool_Source\MpqTool.csproj", "{976BC863-F142-4851-B78F-C59912893EC7}"
EndProject
Project("{8BC9CEB8-8B4A-11D0-8D11-00A0C91BC942}") = "fasmdll_managed", "fasmdll_managed_Source\fasmdll_managed\fasmdll_managed.vcxproj", "{61D8CF34-1FD7-4A01-BEC1-1A8E8050A9C6}"
EndProject
Project("{FAE04EC0-301F-11D3-BF4B-00C04F79EFBC}") = "BlackMagic", "BlackMagic_Source\BlackMagic\BlackMagic.csproj", "{79FD54B0-DEAB-459F-83B9-F1CED68D288B}"
	ProjectSection(ProjectDependencies) = postProject
		{61D8CF34-1FD7-4A01-BEC1-1A8E8050A9C6} = {61D8CF34-1FD7-4A01-BEC1-1A8E8050A9C6}
	EndProjectSection
EndProject
Project("{FAE04EC0-301F-11D3-BF4B-00C04F79EFBC}") = "Updater", "Updater\Updater.csproj", "{39D1FFBF-E727-4E3F-A507-F920F6E4BD13}"
EndProject
Global
	GlobalSection(SolutionConfigurationPlatforms) = preSolution
		Debug No Rebuild|Any CPU = Debug No Rebuild|Any CPU
		Debug No Rebuild|Mixed Platforms = Debug No Rebuild|Mixed Platforms
		Debug No Rebuild|x86 = Debug No Rebuild|x86
		Debug|Any CPU = Debug|Any CPU
		Debug|Mixed Platforms = Debug|Mixed Platforms
		Debug|x86 = Debug|x86
		Release|Any CPU = Release|Any CPU
		Release|Mixed Platforms = Release|Mixed Platforms
		Release|x86 = Release|x86
	EndGlobalSection
	GlobalSection(ProjectConfigurationPlatforms) = postSolution
		{7C2029FD-13F7-4B88-A551-AF66B1E32656}.Debug No Rebuild|Any CPU.ActiveCfg = Debug|Any CPU
		{7C2029FD-13F7-4B88-A551-AF66B1E32656}.Debug No Rebuild|Any CPU.Build.0 = Debug|Any CPU
		{7C2029FD-13F7-4B88-A551-AF66B1E32656}.Debug No Rebuild|Mixed Platforms.ActiveCfg = Debug|x86
		{7C2029FD-13F7-4B88-A551-AF66B1E32656}.Debug No Rebuild|Mixed Platforms.Build.0 = Debug|x86
		{7C2029FD-13F7-4B88-A551-AF66B1E32656}.Debug No Rebuild|x86.ActiveCfg = Debug|x86
		{7C2029FD-13F7-4B88-A551-AF66B1E32656}.Debug|Any CPU.ActiveCfg = Debug|Any CPU
		{7C2029FD-13F7-4B88-A551-AF66B1E32656}.Debug|Any CPU.Build.0 = Debug|Any CPU
		{7C2029FD-13F7-4B88-A551-AF66B1E32656}.Debug|Mixed Platforms.ActiveCfg = Debug|x86
		{7C2029FD-13F7-4B88-A551-AF66B1E32656}.Debug|Mixed Platforms.Build.0 = Debug|x86
		{7C2029FD-13F7-4B88-A551-AF66B1E32656}.Debug|x86.ActiveCfg = Debug|x86
		{7C2029FD-13F7-4B88-A551-AF66B1E32656}.Debug|x86.Build.0 = Debug|x86
		{7C2029FD-13F7-4B88-A551-AF66B1E32656}.Release|Any CPU.ActiveCfg = Release|Any CPU
		{7C2029FD-13F7-4B88-A551-AF66B1E32656}.Release|Any CPU.Build.0 = Release|Any CPU
		{7C2029FD-13F7-4B88-A551-AF66B1E32656}.Release|Mixed Platforms.ActiveCfg = Release|x86
		{7C2029FD-13F7-4B88-A551-AF66B1E32656}.Release|Mixed Platforms.Build.0 = Release|x86
		{7C2029FD-13F7-4B88-A551-AF66B1E32656}.Release|x86.ActiveCfg = Release|x86
		{7C2029FD-13F7-4B88-A551-AF66B1E32656}.Release|x86.Build.0 = Release|x86
		{2984904B-565E-45AE-B884-EF94A8B78A04}.Debug No Rebuild|Any CPU.ActiveCfg = Debug|Any CPU
		{2984904B-565E-45AE-B884-EF94A8B78A04}.Debug No Rebuild|Any CPU.Build.0 = Debug|Any CPU
		{2984904B-565E-45AE-B884-EF94A8B78A04}.Debug No Rebuild|Mixed Platforms.ActiveCfg = Debug|x86
		{2984904B-565E-45AE-B884-EF94A8B78A04}.Debug No Rebuild|Mixed Platforms.Build.0 = Debug|x86
		{2984904B-565E-45AE-B884-EF94A8B78A04}.Debug No Rebuild|x86.ActiveCfg = Debug|x86
		{2984904B-565E-45AE-B884-EF94A8B78A04}.Debug|Any CPU.ActiveCfg = Debug|Any CPU
		{2984904B-565E-45AE-B884-EF94A8B78A04}.Debug|Any CPU.Build.0 = Debug|Any CPU
		{2984904B-565E-45AE-B884-EF94A8B78A04}.Debug|Mixed Platforms.ActiveCfg = Debug|x86
		{2984904B-565E-45AE-B884-EF94A8B78A04}.Debug|Mixed Platforms.Build.0 = Debug|x86
		{2984904B-565E-45AE-B884-EF94A8B78A04}.Debug|x86.ActiveCfg = Debug|x86
		{2984904B-565E-45AE-B884-EF94A8B78A04}.Debug|x86.Build.0 = Debug|x86
		{2984904B-565E-45AE-B884-EF94A8B78A04}.Release|Any CPU.ActiveCfg = Release|Any CPU
		{2984904B-565E-45AE-B884-EF94A8B78A04}.Release|Any CPU.Build.0 = Release|Any CPU
		{2984904B-565E-45AE-B884-EF94A8B78A04}.Release|Mixed Platforms.ActiveCfg = Release|x86
		{2984904B-565E-45AE-B884-EF94A8B78A04}.Release|Mixed Platforms.Build.0 = Release|x86
		{2984904B-565E-45AE-B884-EF94A8B78A04}.Release|x86.ActiveCfg = Release|x86
		{2984904B-565E-45AE-B884-EF94A8B78A04}.Release|x86.Build.0 = Release|x86
		{11F17E75-F71B-43C3-AD32-7B3D0CA8289E}.Debug No Rebuild|Any CPU.ActiveCfg = Debug|Any CPU
		{11F17E75-F71B-43C3-AD32-7B3D0CA8289E}.Debug No Rebuild|Any CPU.Build.0 = Debug|Any CPU
		{11F17E75-F71B-43C3-AD32-7B3D0CA8289E}.Debug No Rebuild|Mixed Platforms.ActiveCfg = Debug|x86
		{11F17E75-F71B-43C3-AD32-7B3D0CA8289E}.Debug No Rebuild|Mixed Platforms.Build.0 = Debug|x86
		{11F17E75-F71B-43C3-AD32-7B3D0CA8289E}.Debug No Rebuild|x86.ActiveCfg = Debug|x86
		{11F17E75-F71B-43C3-AD32-7B3D0CA8289E}.Debug|Any CPU.ActiveCfg = Debug|Any CPU
		{11F17E75-F71B-43C3-AD32-7B3D0CA8289E}.Debug|Any CPU.Build.0 = Debug|Any CPU
		{11F17E75-F71B-43C3-AD32-7B3D0CA8289E}.Debug|Mixed Platforms.ActiveCfg = Debug|x86
		{11F17E75-F71B-43C3-AD32-7B3D0CA8289E}.Debug|Mixed Platforms.Build.0 = Debug|x86
		{11F17E75-F71B-43C3-AD32-7B3D0CA8289E}.Debug|x86.ActiveCfg = Debug|x86
		{11F17E75-F71B-43C3-AD32-7B3D0CA8289E}.Debug|x86.Build.0 = Debug|x86
		{11F17E75-F71B-43C3-AD32-7B3D0CA8289E}.Release|Any CPU.ActiveCfg = Release|Any CPU
		{11F17E75-F71B-43C3-AD32-7B3D0CA8289E}.Release|Any CPU.Build.0 = Release|Any CPU
		{11F17E75-F71B-43C3-AD32-7B3D0CA8289E}.Release|Mixed Platforms.ActiveCfg = Release|x86
		{11F17E75-F71B-43C3-AD32-7B3D0CA8289E}.Release|Mixed Platforms.Build.0 = Release|x86
		{11F17E75-F71B-43C3-AD32-7B3D0CA8289E}.Release|x86.ActiveCfg = Release|x86
		{11F17E75-F71B-43C3-AD32-7B3D0CA8289E}.Release|x86.Build.0 = Release|x86
		{A5A877C6-3122-41A2-84E4-6F8D82929EBC}.Debug No Rebuild|Any CPU.ActiveCfg = Debug|Any CPU
		{A5A877C6-3122-41A2-84E4-6F8D82929EBC}.Debug No Rebuild|Any CPU.Build.0 = Debug|Any CPU
		{A5A877C6-3122-41A2-84E4-6F8D82929EBC}.Debug No Rebuild|Mixed Platforms.ActiveCfg = Debug|x86
		{A5A877C6-3122-41A2-84E4-6F8D82929EBC}.Debug No Rebuild|Mixed Platforms.Build.0 = Debug|x86
		{A5A877C6-3122-41A2-84E4-6F8D82929EBC}.Debug No Rebuild|x86.ActiveCfg = Debug|x86
		{A5A877C6-3122-41A2-84E4-6F8D82929EBC}.Debug|Any CPU.ActiveCfg = Debug|Any CPU
		{A5A877C6-3122-41A2-84E4-6F8D82929EBC}.Debug|Any CPU.Build.0 = Debug|Any CPU
		{A5A877C6-3122-41A2-84E4-6F8D82929EBC}.Debug|Mixed Platforms.ActiveCfg = Debug|x86
		{A5A877C6-3122-41A2-84E4-6F8D82929EBC}.Debug|Mixed Platforms.Build.0 = Debug|x86
		{A5A877C6-3122-41A2-84E4-6F8D82929EBC}.Debug|x86.ActiveCfg = Debug|x86
		{A5A877C6-3122-41A2-84E4-6F8D82929EBC}.Debug|x86.Build.0 = Debug|x86
		{A5A877C6-3122-41A2-84E4-6F8D82929EBC}.Release|Any CPU.ActiveCfg = Release|Any CPU
		{A5A877C6-3122-41A2-84E4-6F8D82929EBC}.Release|Any CPU.Build.0 = Release|Any CPU
		{A5A877C6-3122-41A2-84E4-6F8D82929EBC}.Release|Mixed Platforms.ActiveCfg = Release|x86
		{A5A877C6-3122-41A2-84E4-6F8D82929EBC}.Release|Mixed Platforms.Build.0 = Release|x86
		{A5A877C6-3122-41A2-84E4-6F8D82929EBC}.Release|x86.ActiveCfg = Release|x86
		{A5A877C6-3122-41A2-84E4-6F8D82929EBC}.Release|x86.Build.0 = Release|x86
		{C485335C-69ED-4617-B687-65CB8B1F3E70}.Debug No Rebuild|Any CPU.ActiveCfg = Debug|Any CPU
		{C485335C-69ED-4617-B687-65CB8B1F3E70}.Debug No Rebuild|Any CPU.Build.0 = Debug|Any CPU
		{C485335C-69ED-4617-B687-65CB8B1F3E70}.Debug No Rebuild|Mixed Platforms.ActiveCfg = Debug|x86
		{C485335C-69ED-4617-B687-65CB8B1F3E70}.Debug No Rebuild|Mixed Platforms.Build.0 = Debug|x86
		{C485335C-69ED-4617-B687-65CB8B1F3E70}.Debug No Rebuild|x86.ActiveCfg = Debug|x86
		{C485335C-69ED-4617-B687-65CB8B1F3E70}.Debug|Any CPU.ActiveCfg = Debug|Any CPU
		{C485335C-69ED-4617-B687-65CB8B1F3E70}.Debug|Any CPU.Build.0 = Debug|Any CPU
		{C485335C-69ED-4617-B687-65CB8B1F3E70}.Debug|Mixed Platforms.ActiveCfg = Debug|x86
		{C485335C-69ED-4617-B687-65CB8B1F3E70}.Debug|Mixed Platforms.Build.0 = Debug|x86
		{C485335C-69ED-4617-B687-65CB8B1F3E70}.Debug|x86.ActiveCfg = Debug|x86
		{C485335C-69ED-4617-B687-65CB8B1F3E70}.Debug|x86.Build.0 = Debug|x86
		{C485335C-69ED-4617-B687-65CB8B1F3E70}.Release|Any CPU.ActiveCfg = Release|Any CPU
		{C485335C-69ED-4617-B687-65CB8B1F3E70}.Release|Any CPU.Build.0 = Release|Any CPU
		{C485335C-69ED-4617-B687-65CB8B1F3E70}.Release|Mixed Platforms.ActiveCfg = Release|x86
		{C485335C-69ED-4617-B687-65CB8B1F3E70}.Release|Mixed Platforms.Build.0 = Release|x86
		{C485335C-69ED-4617-B687-65CB8B1F3E70}.Release|x86.ActiveCfg = Release|x86
		{C485335C-69ED-4617-B687-65CB8B1F3E70}.Release|x86.Build.0 = Release|x86
		{ACE1D62E-49D6-4ADA-B7F4-B866F8ED481D}.Debug No Rebuild|Any CPU.ActiveCfg = Debug|Any CPU
		{ACE1D62E-49D6-4ADA-B7F4-B866F8ED481D}.Debug No Rebuild|Any CPU.Build.0 = Debug|Any CPU
		{ACE1D62E-49D6-4ADA-B7F4-B866F8ED481D}.Debug No Rebuild|Mixed Platforms.ActiveCfg = Debug|x86
		{ACE1D62E-49D6-4ADA-B7F4-B866F8ED481D}.Debug No Rebuild|Mixed Platforms.Build.0 = Debug|x86
		{ACE1D62E-49D6-4ADA-B7F4-B866F8ED481D}.Debug No Rebuild|x86.ActiveCfg = Debug|x86
		{ACE1D62E-49D6-4ADA-B7F4-B866F8ED481D}.Debug|Any CPU.ActiveCfg = Debug|Any CPU
		{ACE1D62E-49D6-4ADA-B7F4-B866F8ED481D}.Debug|Any CPU.Build.0 = Debug|Any CPU
		{ACE1D62E-49D6-4ADA-B7F4-B866F8ED481D}.Debug|Mixed Platforms.ActiveCfg = Debug|x86
		{ACE1D62E-49D6-4ADA-B7F4-B866F8ED481D}.Debug|Mixed Platforms.Build.0 = Debug|x86
		{ACE1D62E-49D6-4ADA-B7F4-B866F8ED481D}.Debug|x86.ActiveCfg = Debug|x86
		{ACE1D62E-49D6-4ADA-B7F4-B866F8ED481D}.Debug|x86.Build.0 = Debug|x86
		{ACE1D62E-49D6-4ADA-B7F4-B866F8ED481D}.Release|Any CPU.ActiveCfg = Release|Any CPU
		{ACE1D62E-49D6-4ADA-B7F4-B866F8ED481D}.Release|Any CPU.Build.0 = Release|Any CPU
		{ACE1D62E-49D6-4ADA-B7F4-B866F8ED481D}.Release|Mixed Platforms.ActiveCfg = Release|x86
		{ACE1D62E-49D6-4ADA-B7F4-B866F8ED481D}.Release|Mixed Platforms.Build.0 = Release|x86
		{ACE1D62E-49D6-4ADA-B7F4-B866F8ED481D}.Release|x86.ActiveCfg = Release|x86
		{ACE1D62E-49D6-4ADA-B7F4-B866F8ED481D}.Release|x86.Build.0 = Release|x86
		{7050E797-F628-46DA-9A76-8511BAE4184E}.Debug No Rebuild|Any CPU.ActiveCfg = Debug|Any CPU
		{7050E797-F628-46DA-9A76-8511BAE4184E}.Debug No Rebuild|Any CPU.Build.0 = Debug|Any CPU
		{7050E797-F628-46DA-9A76-8511BAE4184E}.Debug No Rebuild|Mixed Platforms.ActiveCfg = Debug|x86
		{7050E797-F628-46DA-9A76-8511BAE4184E}.Debug No Rebuild|Mixed Platforms.Build.0 = Debug|x86
		{7050E797-F628-46DA-9A76-8511BAE4184E}.Debug No Rebuild|x86.ActiveCfg = Debug|x86
		{7050E797-F628-46DA-9A76-8511BAE4184E}.Debug|Any CPU.ActiveCfg = Debug|Any CPU
		{7050E797-F628-46DA-9A76-8511BAE4184E}.Debug|Any CPU.Build.0 = Debug|Any CPU
		{7050E797-F628-46DA-9A76-8511BAE4184E}.Debug|Mixed Platforms.ActiveCfg = Debug|x86
		{7050E797-F628-46DA-9A76-8511BAE4184E}.Debug|Mixed Platforms.Build.0 = Debug|x86
		{7050E797-F628-46DA-9A76-8511BAE4184E}.Debug|x86.ActiveCfg = Debug|x86
		{7050E797-F628-46DA-9A76-8511BAE4184E}.Debug|x86.Build.0 = Debug|x86
		{7050E797-F628-46DA-9A76-8511BAE4184E}.Release|Any CPU.ActiveCfg = Release|Any CPU
		{7050E797-F628-46DA-9A76-8511BAE4184E}.Release|Any CPU.Build.0 = Release|Any CPU
		{7050E797-F628-46DA-9A76-8511BAE4184E}.Release|Mixed Platforms.ActiveCfg = Release|x86
		{7050E797-F628-46DA-9A76-8511BAE4184E}.Release|Mixed Platforms.Build.0 = Release|x86
		{7050E797-F628-46DA-9A76-8511BAE4184E}.Release|x86.ActiveCfg = Release|x86
		{7050E797-F628-46DA-9A76-8511BAE4184E}.Release|x86.Build.0 = Release|x86
		{976BC863-F142-4851-B78F-C59912893EC7}.Debug No Rebuild|Any CPU.ActiveCfg = Debug|Any CPU
		{976BC863-F142-4851-B78F-C59912893EC7}.Debug No Rebuild|Any CPU.Build.0 = Debug|Any CPU
		{976BC863-F142-4851-B78F-C59912893EC7}.Debug No Rebuild|Mixed Platforms.ActiveCfg = Debug|x86
		{976BC863-F142-4851-B78F-C59912893EC7}.Debug No Rebuild|Mixed Platforms.Build.0 = Debug|x86
		{976BC863-F142-4851-B78F-C59912893EC7}.Debug No Rebuild|x86.ActiveCfg = Debug|x86
		{976BC863-F142-4851-B78F-C59912893EC7}.Debug|Any CPU.ActiveCfg = Debug|Any CPU
		{976BC863-F142-4851-B78F-C59912893EC7}.Debug|Any CPU.Build.0 = Debug|Any CPU
		{976BC863-F142-4851-B78F-C59912893EC7}.Debug|Mixed Platforms.ActiveCfg = Debug|x86
		{976BC863-F142-4851-B78F-C59912893EC7}.Debug|Mixed Platforms.Build.0 = Debug|x86
		{976BC863-F142-4851-B78F-C59912893EC7}.Debug|x86.ActiveCfg = Debug|x86
		{976BC863-F142-4851-B78F-C59912893EC7}.Debug|x86.Build.0 = Debug|x86
		{976BC863-F142-4851-B78F-C59912893EC7}.Release|Any CPU.ActiveCfg = Release|Any CPU
		{976BC863-F142-4851-B78F-C59912893EC7}.Release|Any CPU.Build.0 = Release|Any CPU
		{976BC863-F142-4851-B78F-C59912893EC7}.Release|Mixed Platforms.ActiveCfg = Release|x86
		{976BC863-F142-4851-B78F-C59912893EC7}.Release|Mixed Platforms.Build.0 = Release|x86
		{976BC863-F142-4851-B78F-C59912893EC7}.Release|x86.ActiveCfg = Release|x86
		{976BC863-F142-4851-B78F-C59912893EC7}.Release|x86.Build.0 = Release|x86
		{61D8CF34-1FD7-4A01-BEC1-1A8E8050A9C6}.Debug No Rebuild|Any CPU.ActiveCfg = Debug|Win32
		{61D8CF34-1FD7-4A01-BEC1-1A8E8050A9C6}.Debug No Rebuild|Any CPU.Build.0 = Debug|Win32
		{61D8CF34-1FD7-4A01-BEC1-1A8E8050A9C6}.Debug No Rebuild|Mixed Platforms.ActiveCfg = Debug|Win32
		{61D8CF34-1FD7-4A01-BEC1-1A8E8050A9C6}.Debug No Rebuild|Mixed Platforms.Build.0 = Debug|Win32
		{61D8CF34-1FD7-4A01-BEC1-1A8E8050A9C6}.Debug No Rebuild|x86.ActiveCfg = Debug|Win32
		{61D8CF34-1FD7-4A01-BEC1-1A8E8050A9C6}.Debug|Any CPU.ActiveCfg = Debug|Win32
		{61D8CF34-1FD7-4A01-BEC1-1A8E8050A9C6}.Debug|Any CPU.Build.0 = Debug|Win32
		{61D8CF34-1FD7-4A01-BEC1-1A8E8050A9C6}.Debug|Mixed Platforms.ActiveCfg = Debug|Win32
		{61D8CF34-1FD7-4A01-BEC1-1A8E8050A9C6}.Debug|Mixed Platforms.Build.0 = Debug|Win32
		{61D8CF34-1FD7-4A01-BEC1-1A8E8050A9C6}.Debug|x86.ActiveCfg = Debug|Win32
		{61D8CF34-1FD7-4A01-BEC1-1A8E8050A9C6}.Debug|x86.Build.0 = Debug|Win32
		{61D8CF34-1FD7-4A01-BEC1-1A8E8050A9C6}.Release|Any CPU.ActiveCfg = Release|Win32
		{61D8CF34-1FD7-4A01-BEC1-1A8E8050A9C6}.Release|Any CPU.Build.0 = Release|Win32
		{61D8CF34-1FD7-4A01-BEC1-1A8E8050A9C6}.Release|Mixed Platforms.ActiveCfg = Release|Win32
		{61D8CF34-1FD7-4A01-BEC1-1A8E8050A9C6}.Release|Mixed Platforms.Build.0 = Release|Win32
		{61D8CF34-1FD7-4A01-BEC1-1A8E8050A9C6}.Release|x86.ActiveCfg = Release|Win32
		{61D8CF34-1FD7-4A01-BEC1-1A8E8050A9C6}.Release|x86.Build.0 = Release|Win32
		{79FD54B0-DEAB-459F-83B9-F1CED68D288B}.Debug No Rebuild|Any CPU.ActiveCfg = Debug|Any CPU
		{79FD54B0-DEAB-459F-83B9-F1CED68D288B}.Debug No Rebuild|Any CPU.Build.0 = Debug|Any CPU
		{79FD54B0-DEAB-459F-83B9-F1CED68D288B}.Debug No Rebuild|Mixed Platforms.ActiveCfg = Debug|Any CPU
		{79FD54B0-DEAB-459F-83B9-F1CED68D288B}.Debug No Rebuild|Mixed Platforms.Build.0 = Debug|Any CPU
		{79FD54B0-DEAB-459F-83B9-F1CED68D288B}.Debug No Rebuild|x86.ActiveCfg = Debug|x86
		{79FD54B0-DEAB-459F-83B9-F1CED68D288B}.Debug|Any CPU.ActiveCfg = Debug|Any CPU
		{79FD54B0-DEAB-459F-83B9-F1CED68D288B}.Debug|Any CPU.Build.0 = Debug|Any CPU
		{79FD54B0-DEAB-459F-83B9-F1CED68D288B}.Debug|Mixed Platforms.ActiveCfg = Debug|Any CPU
		{79FD54B0-DEAB-459F-83B9-F1CED68D288B}.Debug|Mixed Platforms.Build.0 = Debug|Any CPU
		{79FD54B0-DEAB-459F-83B9-F1CED68D288B}.Debug|x86.ActiveCfg = Debug|x86
		{79FD54B0-DEAB-459F-83B9-F1CED68D288B}.Debug|x86.Build.0 = Debug|x86
		{79FD54B0-DEAB-459F-83B9-F1CED68D288B}.Release|Any CPU.ActiveCfg = Release|Any CPU
		{79FD54B0-DEAB-459F-83B9-F1CED68D288B}.Release|Any CPU.Build.0 = Release|Any CPU
		{79FD54B0-DEAB-459F-83B9-F1CED68D288B}.Release|Mixed Platforms.ActiveCfg = Release|Any CPU
		{79FD54B0-DEAB-459F-83B9-F1CED68D288B}.Release|Mixed Platforms.Build.0 = Release|Any CPU
		{79FD54B0-DEAB-459F-83B9-F1CED68D288B}.Release|x86.ActiveCfg = Release|x86
		{79FD54B0-DEAB-459F-83B9-F1CED68D288B}.Release|x86.Build.0 = Release|x86
		{39D1FFBF-E727-4E3F-A507-F920F6E4BD13}.Debug No Rebuild|Any CPU.ActiveCfg = Debug|x86
		{39D1FFBF-E727-4E3F-A507-F920F6E4BD13}.Debug No Rebuild|Mixed Platforms.ActiveCfg = Debug|x86
		{39D1FFBF-E727-4E3F-A507-F920F6E4BD13}.Debug No Rebuild|Mixed Platforms.Build.0 = Debug|x86
		{39D1FFBF-E727-4E3F-A507-F920F6E4BD13}.Debug No Rebuild|x86.ActiveCfg = Debug|x86
		{39D1FFBF-E727-4E3F-A507-F920F6E4BD13}.Debug|Any CPU.ActiveCfg = Debug|x86
		{39D1FFBF-E727-4E3F-A507-F920F6E4BD13}.Debug|Mixed Platforms.ActiveCfg = Debug|x86
		{39D1FFBF-E727-4E3F-A507-F920F6E4BD13}.Debug|Mixed Platforms.Build.0 = Debug|x86
		{39D1FFBF-E727-4E3F-A507-F920F6E4BD13}.Debug|x86.ActiveCfg = Debug|x86
		{39D1FFBF-E727-4E3F-A507-F920F6E4BD13}.Debug|x86.Build.0 = Debug|x86
		{39D1FFBF-E727-4E3F-A507-F920F6E4BD13}.Release|Any CPU.ActiveCfg = Release|x86
		{39D1FFBF-E727-4E3F-A507-F920F6E4BD13}.Release|Mixed Platforms.ActiveCfg = Release|x86
		{39D1FFBF-E727-4E3F-A507-F920F6E4BD13}.Release|Mixed Platforms.Build.0 = Release|x86
		{39D1FFBF-E727-4E3F-A507-F920F6E4BD13}.Release|x86.ActiveCfg = Release|x86
		{39D1FFBF-E727-4E3F-A507-F920F6E4BD13}.Release|x86.Build.0 = Release|x86
	EndGlobalSection
	GlobalSection(SolutionProperties) = preSolution
		HideSolutionNode = FALSE
	EndGlobalSection
EndGlobal
